
Microsoft Visual Studio Solution File, Format Version 12.00
# Visual Studio Version 16
VisualStudioVersion = 16.0.31624.102
MinimumVisualStudioVersion = 10.0.40219.1
Project("{FAE04EC0-301F-11D3-BF4B-00C04F79EFBC}") = "ClassISBN3", "ClassISBN3\ClassISBN3.csproj", "{5BBEBB50-08E7-4420-920F-EF3657FB441A}"
EndProject
Project("{FAE04EC0-301F-11D3-BF4B-00C04F79EFBC}") = "TestProjectISBN", "TestProjectISBN\TestProjectISBN.csproj", "{977784D6-A425-4F51-B40D-785F891131EB}"
EndProject
Global
	GlobalSection(SolutionConfigurationPlatforms) = preSolution
		Debug|Any CPU = Debug|Any CPU
		Release|Any CPU = Release|Any CPU
	EndGlobalSection
	GlobalSection(ProjectConfigurationPlatforms) = postSolution
		{5BBEBB50-08E7-4420-920F-EF3657FB441A}.Debug|Any CPU.ActiveCfg = Debug|Any CPU
		{5BBEBB50-08E7-4420-920F-EF3657FB441A}.Debug|Any CPU.Build.0 = Debug|Any CPU
		{5BBEBB50-08E7-4420-920F-EF3657FB441A}.Release|Any CPU.ActiveCfg = Release|Any CPU
		{5BBEBB50-08E7-4420-920F-EF3657FB441A}.Release|Any CPU.Build.0 = Release|Any CPU
		{977784D6-A425-4F51-B40D-785F891131EB}.Debug|Any CPU.ActiveCfg = Debug|Any CPU
		{977784D6-A425-4F51-B40D-785F891131EB}.Debug|Any CPU.Build.0 = Debug|Any CPU
		{977784D6-A425-4F51-B40D-785F891131EB}.Release|Any CPU.ActiveCfg = Release|Any CPU
		{977784D6-A425-4F51-B40D-785F891131EB}.Release|Any CPU.Build.0 = Release|Any CPU
	EndGlobalSection
	GlobalSection(SolutionProperties) = preSolution
		HideSolutionNode = FALSE
	EndGlobalSection
	GlobalSection(ExtensibilityGlobals) = postSolution
		SolutionGuid = {196DB837-92C7-4585-9E7E-EF20A044AC55}
	EndGlobalSection
EndGlobal
